version = 1
revision = 1
requires-python = ">=3.13"

[[package]]
name = "debugpy"
version = "1.8.14"
source = { registry = "https://pypi.org/simple" }
sdist = { url = "https://files.pythonhosted.org/packages/bd/75/087fe07d40f490a78782ff3b0a30e3968936854105487decdb33446d4b0e/debugpy-1.8.14.tar.gz", hash = "sha256:7cd287184318416850aa8b60ac90105837bb1e59531898c07569d197d2ed5322", size = 1641444 }
wheels = [
    { url = "https://files.pythonhosted.org/packages/4d/e4/395c792b243f2367d84202dc33689aa3d910fb9826a7491ba20fc9e261f5/debugpy-1.8.14-cp313-cp313-macosx_14_0_universal2.whl", hash = "sha256:329a15d0660ee09fec6786acdb6e0443d595f64f5d096fc3e3ccf09a4259033f", size = 2485676 },
    { url = "https://files.pythonhosted.org/packages/ba/f1/6f2ee3f991327ad9e4c2f8b82611a467052a0fb0e247390192580e89f7ff/debugpy-1.8.14-cp313-cp313-manylinux_2_5_x86_64.manylinux1_x86_64.manylinux_2_17_x86_64.manylinux2014_x86_64.whl", hash = "sha256:0f920c7f9af409d90f5fd26e313e119d908b0dd2952c2393cd3247a462331f15", size = 4217514 },
    { url = "https://files.pythonhosted.org/packages/79/28/b9d146f8f2dc535c236ee09ad3e5ac899adb39d7a19b49f03ac95d216beb/debugpy-1.8.14-cp313-cp313-win32.whl", hash = "sha256:3784ec6e8600c66cbdd4ca2726c72d8ca781e94bce2f396cc606d458146f8f4e", size = 5254756 },
    { url = "https://files.pythonhosted.org/packages/e0/62/a7b4a57013eac4ccaef6977966e6bec5c63906dd25a86e35f155952e29a1/debugpy-1.8.14-cp313-cp313-win_amd64.whl", hash = "sha256:684eaf43c95a3ec39a96f1f5195a7ff3d4144e4a18d69bb66beeb1a6de605d6e", size = 5297119 },
    { url = "https://files.pythonhosted.org/packages/97/1a/481f33c37ee3ac8040d3d51fc4c4e4e7e61cb08b8bc8971d6032acc2279f/debugpy-1.8.14-py2.py3-none-any.whl", hash = "sha256:5cd9a579d553b6cb9759a7908a41988ee6280b961f24f63336835d9418216a20", size = 5256230 },
]

[[package]]
name = "portfolio"
version = "0.1.0"
source = { virtual = "." }
dependencies = [
    { name = "debugpy" },
]

[package.metadata]
requires-dist = [{ name = "debugpy", specifier = ">=1.8.14" }]
